
Microsoft Visual Studio Solution File, Format Version 12.00
# Visual Studio Version 16
VisualStudioVersion = 16.0.30907.101
MinimumVisualStudioVersion = 10.0.40219.1
Project("{FAE04EC0-301F-11D3-BF4B-00C04F79EFBC}") = "YouTubeWindows", "YouTubeWindows\YouTubeWindows.csproj", "{CBE7EF20-1C8B-4593-9AB2-C0368AEFF7B8}"
EndProject
Global
	GlobalSection(SolutionConfigurationPlatforms) = preSolution
		Debug|Any CPU = Debug|Any CPU
		Release|Any CPU = Release|Any CPU
	EndGlobalSection
	GlobalSection(ProjectConfigurationPlatforms) = postSolution
		{CBE7EF20-1C8B-4593-9AB2-C0368AEFF7B8}.Debug|Any CPU.ActiveCfg = Debug|Any CPU
		{CBE7EF20-1C8B-4593-9AB2-C0368AEFF7B8}.Debug|Any CPU.Build.0 = Debug|Any CPU
		{CBE7EF20-1C8B-4593-9AB2-C0368AEFF7B8}.Release|Any CPU.ActiveCfg = Release|Any CPU
		{CBE7EF20-1C8B-4593-9AB2-C0368AEFF7B8}.Release|Any CPU.Build.0 = Release|Any CPU
	EndGlobalSection
	GlobalSection(SolutionProperties) = preSolution
		HideSolutionNode = FALSE
	EndGlobalSection
	GlobalSection(ExtensibilityGlobals) = postSolution
		SolutionGuid = {D91928F1-003A-4B29-929C-829D4BC47FFA}
	EndGlobalSection
EndGlobal
